
Microsoft Visual Studio Solution File, Format Version 12.00
# Visual Studio 15
VisualStudioVersion = 15.0.28307.1267
MinimumVisualStudioVersion = 10.0.40219.1
Project("{FAE04EC0-301F-11D3-BF4B-00C04F79EFBC}") = "FirstSample", "FirstSample\FirstSample.csproj", "{17257A30-A925-4509-9EDB-72231C54F628}"
EndProject
Global
	GlobalSection(SolutionConfigurationPlatforms) = preSolution
		Debug|Any CPU = Debug|Any CPU
		Release|Any CPU = Release|Any CPU
	EndGlobalSection
	GlobalSection(ProjectConfigurationPlatforms) = postSolution
		{17257A30-A925-4509-9EDB-72231C54F628}.Debug|Any CPU.ActiveCfg = Debug|Any CPU
		{17257A30-A925-4509-9EDB-72231C54F628}.Debug|Any CPU.Build.0 = Debug|Any CPU
		{17257A30-A925-4509-9EDB-72231C54F628}.Release|Any CPU.ActiveCfg = Release|Any CPU
		{17257A30-A925-4509-9EDB-72231C54F628}.Release|Any CPU.Build.0 = Release|Any CPU
	EndGlobalSection
	GlobalSection(SolutionProperties) = preSolution
		HideSolutionNode = FALSE
	EndGlobalSection
	GlobalSection(ExtensibilityGlobals) = postSolution
		SolutionGuid = {43505D5E-69D5-47B6-A41B-B4A0C4BA8589}
	EndGlobalSection
EndGlobal
